
Microsoft Visual Studio Solution File, Format Version 12.00
# Visual Studio Version 17
VisualStudioVersion = 17.5.002.0
MinimumVisualStudioVersion = 10.0.40219.1
Project("{9A19103F-16F7-4668-BE54-9A1E7A4F7556}") = "PostgresDb", "PostgresDb.csproj", "{8D6E5D44-8BB9-4EA1-9FF1-89E6607B005E}"
EndProject
Global
	GlobalSection(SolutionConfigurationPlatforms) = preSolution
		Debug|Any CPU = Debug|Any CPU
		Release|Any CPU = Release|Any CPU
	EndGlobalSection
	GlobalSection(ProjectConfigurationPlatforms) = postSolution
		{8D6E5D44-8BB9-4EA1-9FF1-89E6607B005E}.Debug|Any CPU.ActiveCfg = Debug|Any CPU
		{8D6E5D44-8BB9-4EA1-9FF1-89E6607B005E}.Debug|Any CPU.Build.0 = Debug|Any CPU
		{8D6E5D44-8BB9-4EA1-9FF1-89E6607B005E}.Release|Any CPU.ActiveCfg = Release|Any CPU
		{8D6E5D44-8BB9-4EA1-9FF1-89E6607B005E}.Release|Any CPU.Build.0 = Release|Any CPU
	EndGlobalSection
	GlobalSection(SolutionProperties) = preSolution
		HideSolutionNode = FALSE
	EndGlobalSection
	GlobalSection(ExtensibilityGlobals) = postSolution
		SolutionGuid = {B0C3BB1B-F513-499C-B14C-70F9819448D8}
	EndGlobalSection
EndGlobal
